
Microsoft Visual Studio Solution File, Format Version 12.00
# Visual Studio Version 16
VisualStudioVersion = 16.0.31613.86
MinimumVisualStudioVersion = 10.0.40219.1
Project("{FAE04EC0-301F-11D3-BF4B-00C04F79EFBC}") = "Kassakvitto", "Kassakvitto.csproj", "{B3730921-BF76-4E0A-9456-01F64A93C2C0}"
EndProject
Global
	GlobalSection(SolutionConfigurationPlatforms) = preSolution
		Debug|Any CPU = Debug|Any CPU
		Release|Any CPU = Release|Any CPU
	EndGlobalSection
	GlobalSection(ProjectConfigurationPlatforms) = postSolution
		{B3730921-BF76-4E0A-9456-01F64A93C2C0}.Debug|Any CPU.ActiveCfg = Debug|Any CPU
		{B3730921-BF76-4E0A-9456-01F64A93C2C0}.Debug|Any CPU.Build.0 = Debug|Any CPU
		{B3730921-BF76-4E0A-9456-01F64A93C2C0}.Release|Any CPU.ActiveCfg = Release|Any CPU
		{B3730921-BF76-4E0A-9456-01F64A93C2C0}.Release|Any CPU.Build.0 = Release|Any CPU
	EndGlobalSection
	GlobalSection(SolutionProperties) = preSolution
		HideSolutionNode = FALSE
	EndGlobalSection
	GlobalSection(ExtensibilityGlobals) = postSolution
		SolutionGuid = {E8CF180B-6BD3-47C8-AE76-1F7342692031}
	EndGlobalSection
EndGlobal
